
Microsoft Visual Studio Solution File, Format Version 12.00
# Visual Studio Version 16
VisualStudioVersion = 16.0.29920.165
MinimumVisualStudioVersion = 10.0.40219.1
Project("{FAE04EC0-301F-11D3-BF4B-00C04F79EFBC}") = "NetworkingAssignment", "NetworkingAssignment\NetworkingAssignment.csproj", "{3F18E72C-1BBC-4547-B1F2-B1F8FED76E08}"
EndProject
Project("{FAE04EC0-301F-11D3-BF4B-00C04F79EFBC}") = "Interfaces", "Interfaces\Interfaces.csproj", "{644CCA7B-33B5-4630-A0D6-1BD2D6D9B103}"
EndProject
Global
	GlobalSection(SolutionConfigurationPlatforms) = preSolution
		Debug|Any CPU = Debug|Any CPU
		Release|Any CPU = Release|Any CPU
	EndGlobalSection
	GlobalSection(ProjectConfigurationPlatforms) = postSolution
		{3F18E72C-1BBC-4547-B1F2-B1F8FED76E08}.Debug|Any CPU.ActiveCfg = Debug|Any CPU
		{3F18E72C-1BBC-4547-B1F2-B1F8FED76E08}.Debug|Any CPU.Build.0 = Debug|Any CPU
		{3F18E72C-1BBC-4547-B1F2-B1F8FED76E08}.Release|Any CPU.ActiveCfg = Release|Any CPU
		{3F18E72C-1BBC-4547-B1F2-B1F8FED76E08}.Release|Any CPU.Build.0 = Release|Any CPU
		{644CCA7B-33B5-4630-A0D6-1BD2D6D9B103}.Debug|Any CPU.ActiveCfg = Debug|Any CPU
		{644CCA7B-33B5-4630-A0D6-1BD2D6D9B103}.Debug|Any CPU.Build.0 = Debug|Any CPU
		{644CCA7B-33B5-4630-A0D6-1BD2D6D9B103}.Release|Any CPU.ActiveCfg = Release|Any CPU
		{644CCA7B-33B5-4630-A0D6-1BD2D6D9B103}.Release|Any CPU.Build.0 = Release|Any CPU
	EndGlobalSection
	GlobalSection(SolutionProperties) = preSolution
		HideSolutionNode = FALSE
	EndGlobalSection
	GlobalSection(ExtensibilityGlobals) = postSolution
		SolutionGuid = {37C38409-0C86-488F-8F60-69CFEBFBC655}
	EndGlobalSection
EndGlobal
